
Microsoft Visual Studio Solution File, Format Version 12.00
# Visual Studio Version 16
VisualStudioVersion = 16.0.32002.261
MinimumVisualStudioVersion = 10.0.40219.1
Project("{FAE04EC0-301F-11D3-BF4B-00C04F79EFBC}") = "MTLibrary", "MTLibrary.csproj", "{3B056F85-6700-4751-B985-127E818DA18D}"
EndProject
Global
	GlobalSection(SolutionConfigurationPlatforms) = preSolution
		Debug|Any CPU = Debug|Any CPU
		Release|Any CPU = Release|Any CPU
	EndGlobalSection
	GlobalSection(ProjectConfigurationPlatforms) = postSolution
		{3B056F85-6700-4751-B985-127E818DA18D}.Debug|Any CPU.ActiveCfg = Debug|Any CPU
		{3B056F85-6700-4751-B985-127E818DA18D}.Debug|Any CPU.Build.0 = Debug|Any CPU
		{3B056F85-6700-4751-B985-127E818DA18D}.Release|Any CPU.ActiveCfg = Release|Any CPU
		{3B056F85-6700-4751-B985-127E818DA18D}.Release|Any CPU.Build.0 = Release|Any CPU
	EndGlobalSection
	GlobalSection(SolutionProperties) = preSolution
		HideSolutionNode = FALSE
	EndGlobalSection
	GlobalSection(ExtensibilityGlobals) = postSolution
		SolutionGuid = {6CF88AFB-B2D6-4A65-84A6-C1F0C217B99E}
	EndGlobalSection
EndGlobal
